
Microsoft Visual Studio Solution File, Format Version 12.00
# Visual Studio Version 16
VisualStudioVersion = 16.0.29102.190
MinimumVisualStudioVersion = 10.0.40219.1
Project("{FAE04EC0-301F-11D3-BF4B-00C04F79EFBC}") = "baitap_web", "baitap_web\baitap_web.csproj", "{C2A92477-6158-430B-BC02-AA6E115EBBC1}"
EndProject
Global
	GlobalSection(SolutionConfigurationPlatforms) = preSolution
		Debug|Any CPU = Debug|Any CPU
		Release|Any CPU = Release|Any CPU
	EndGlobalSection
	GlobalSection(ProjectConfigurationPlatforms) = postSolution
		{C2A92477-6158-430B-BC02-AA6E115EBBC1}.Debug|Any CPU.ActiveCfg = Debug|Any CPU
		{C2A92477-6158-430B-BC02-AA6E115EBBC1}.Debug|Any CPU.Build.0 = Debug|Any CPU
		{C2A92477-6158-430B-BC02-AA6E115EBBC1}.Release|Any CPU.ActiveCfg = Release|Any CPU
		{C2A92477-6158-430B-BC02-AA6E115EBBC1}.Release|Any CPU.Build.0 = Release|Any CPU
	EndGlobalSection
	GlobalSection(SolutionProperties) = preSolution
		HideSolutionNode = FALSE
	EndGlobalSection
	GlobalSection(ExtensibilityGlobals) = postSolution
		SolutionGuid = {28CE3971-98AA-4D95-B1F3-A9F4CB6B715F}
	EndGlobalSection
EndGlobal
